// !$*UTF8*$!
{
	archiveVersion = 1;
	classes = {
	};
	objectVersion = 46;
	objects = {

/* Begin PBXBuildFile section */
		746575C11D1D1D7D00EC8246 /* AppDelegate.swift in Sources */ = {isa = PBXBuildFile; fileRef = 746575C01D1D1D7D00EC8246 /* AppDelegate.swift */; };
		746575C31D1D1D7D00EC8246 /* ViewController.swift in Sources */ = {isa = PBXBuildFile; fileRef = 746575C21D1D1D7D00EC8246 /* ViewController.swift */; };
		746575C61D1D1D7D00EC8246 /* Main.storyboard in Resources */ = {isa = PBXBuildFile; fileRef = 746575C41D1D1D7D00EC8246 /* Main.storyboard */; };
		746575C81D1D1D7E00EC8246 /* Assets.xcassets in Resources */ = {isa = PBXBuildFile; fileRef = 746575C71D1D1D7E00EC8246 /* Assets.xcassets */; };
		746575CB1D1D1D7E00EC8246 /* LaunchScreen.storyboard in Resources */ = {isa = PBXBuildFile; fileRef = 746575C91D1D1D7E00EC8246 /* LaunchScreen.storyboard */; };
		746575D61D1D1D7E00EC8246 /* LaunchImageDemoTests.swift in Sources */ = {isa = PBXBuildFile; fileRef = 746575D51D1D1D7E00EC8246 /* LaunchImageDemoTests.swift */; };
		746575E11D1D1D7E00EC8246 /* LaunchImageDemoUITests.swift in Sources */ = {isa = PBXBuildFile; fileRef = 746575E01D1D1D7E00EC8246 /* LaunchImageDemoUITests.swift */; };
		746575F01D1D1F2B00EC8246 /* LaunchImageView.swift in Sources */ = {isa = PBXBuildFile; fileRef = 746575EF1D1D1F2B00EC8246 /* LaunchImageView.swift */; };
		749F7DE41D2109B7000C95CE /* TestViewController.swift in Sources */ = {isa = PBXBuildFile; fileRef = 749F7DE31D2109B7000C95CE /* TestViewController.swift */; };
		82165B6F97BFD0303E094E8A /* Pods_LaunchImageDemo.framework in Frameworks */ = {isa = PBXBuildFile; fileRef = 1AC0532F50187477F8A8A918 /* Pods_LaunchImageDemo.framework */; };
/* End PBXBuildFile section */

/* Begin PBXContainerItemProxy section */
		746575D21D1D1D7E00EC8246 /* PBXContainerItemProxy */ = {
			isa = PBXContainerItemProxy;
			containerPortal = 746575B51D1D1D7D00EC8246 /* Project object */;
			proxyType = 1;
			remoteGlobalIDString = 746575BC1D1D1D7D00EC8246;
			remoteInfo = LaunchImageDemo;
		};
		746575DD1D1D1D7E00EC8246 /* PBXContainerItemProxy */ = {
			isa = PBXContainerItemProxy;
			containerPortal = 746575B51D1D1D7D00EC8246 /* Project object */;
			proxyType = 1;
			remoteGlobalIDString = 746575BC1D1D1D7D00EC8246;
			remoteInfo = LaunchImageDemo;
		};
/* End PBXContainerItemProxy section */

/* Begin PBXFileReference section */
		1AC0532F50187477F8A8A918 /* Pods_LaunchImageDemo.framework */ = {isa = PBXFileReference; explicitFileType = wrapper.framework; includeInIndex = 0; path = Pods_LaunchImageDemo.framework; sourceTree = BUILT_PRODUCTS_DIR; };
		746575BD1D1D1D7D00EC8246 /* LaunchImageDemo.app */ = {isa = PBXFileReference; explicitFileType = wrapper.application; includeInIndex = 0; path = LaunchImageDemo.app; sourceTree = BUILT_PRODUCTS_DIR; };
		746575C01D1D1D7D00EC8246 /* AppDelegate.swift */ = {isa = PBXFileReference; lastKnownFileType = sourcecode.swift; path = AppDelegate.swift; sourceTree = "<group>"; };
		746575C21D1D1D7D00EC8246 /* ViewController.swift */ = {isa = PBXFileReference; lastKnownFileType = sourcecode.swift; path = ViewController.swift; sourceTree = "<group>"; };
		746575C51D1D1D7D00EC8246 /* Base */ = {isa = PBXFileReference; lastKnownFileType = file.storyboard; name = Base; path = Base.lproj/Main.storyboard; sourceTree = "<group>"; };
		746575C71D1D1D7E00EC8246 /* Assets.xcassets */ = {isa = PBXFileReference; lastKnownFileType = folder.assetcatalog; path = Assets.xcassets; sourceTree = "<group>"; };
		746575CA1D1D1D7E00EC8246 /* Base */ = {isa = PBXFileReference; lastKnownFileType = file.storyboard; name = Base; path = Base.lproj/LaunchScreen.storyboard; sourceTree = "<group>"; };
		746575CC1D1D1D7E00EC8246 /* Info.plist */ = {isa = PBXFileReference; lastKnownFileType = text.plist.xml; path = Info.plist; sourceTree = "<group>"; };
		746575D11D1D1D7E00EC8246 /* LaunchImageDemoTests.xctest */ = {isa = PBXFileReference; explicitFileType = wrapper.cfbundle; includeInIndex = 0; path = LaunchImageDemoTests.xctest; sourceTree = BUILT_PRODUCTS_DIR; };
		746575D51D1D1D7E00EC8246 /* LaunchImageDemoTests.swift */ = {isa = PBXFileReference; lastKnownFileType = sourcecode.swift; path = LaunchImageDemoTests.swift; sourceTree = "<group>"; };
		746575D71D1D1D7E00EC8246 /* Info.plist */ = {isa = PBXFileReference; lastKnownFileType = text.plist.xml; path = Info.plist; sourceTree = "<group>"; };
		746575DC1D1D1D7E00EC8246 /* LaunchImageDemoUITests.xctest */ = {isa = PBXFileReference; explicitFileType = wrapper.cfbundle; includeInIndex = 0; path = LaunchImageDemoUITests.xctest; sourceTree = BUILT_PRODUCTS_DIR; };
		746575E01D1D1D7E00EC8246 /* LaunchImageDemoUITests.swift */ = {isa = PBXFileReference; lastKnownFileType = sourcecode.swift; path = LaunchImageDemoUITests.swift; sourceTree = "<group>"; };
		746575E21D1D1D7E00EC8246 /* Info.plist */ = {isa = PBXFileReference; lastKnownFileType = text.plist.xml; path = Info.plist; sourceTree = "<group>"; };
		746575EF1D1D1F2B00EC8246 /* LaunchImageView.swift */ = {isa = PBXFileReference; fileEncoding = 4; lastKnownFileType = sourcecode.swift; path = LaunchImageView.swift; sourceTree = "<group>"; };
		749F7DE31D2109B7000C95CE /* TestViewController.swift */ = {isa = PBXFileReference; fileEncoding = 4; lastKnownFileType = sourcecode.swift; path = TestViewController.swift; sourceTree = "<group>"; };
		946775A53445ABB4F1E4849B /* Pods-LaunchImageDemo.debug.xcconfig */ = {isa = PBXFileReference; includeInIndex = 1; lastKnownFileType = text.xcconfig; name = "Pods-LaunchImageDemo.debug.xcconfig"; path = "Pods/Target Support Files/Pods-LaunchImageDemo/Pods-LaunchImageDemo.debug.xcconfig"; sourceTree = "<group>"; };
		D3E99FDF1063B4BA6F8A9CD3 /* Pods-LaunchImageDemo.release.xcconfig */ = {isa = PBXFileReference; includeInIndex = 1; lastKnownFileType = text.xcconfig; name = "Pods-LaunchImageDemo.release.xcconfig"; path = "Pods/Target Support Files/Pods-LaunchImageDemo/Pods-LaunchImageDemo.release.xcconfig"; sourceTree = "<group>"; };
/* End PBXFileReference section */

/* Begin PBXFrameworksBuildPhase section */
		746575BA1D1D1D7D00EC8246 /* Frameworks */ = {
			isa = PBXFrameworksBuildPhase;
			buildActionMask = 2147483647;
			files = (
				82165B6F97BFD0303E094E8A /* Pods_LaunchImageDemo.framework in Frameworks */,
			);
			runOnlyForDeploymentPostprocessing = 0;
		};
		746575CE1D1D1D7E00EC8246 /* Frameworks */ = {
			isa = PBXFrameworksBuildPhase;
			buildActionMask = 2147483647;
			files = (
			);
			runOnlyForDeploymentPostprocessing = 0;
		};
		746575D91D1D1D7E00EC8246 /* Frameworks */ = {
			isa = PBXFrameworksBuildPhase;
			buildActionMask = 2147483647;
			files = (
			);
			runOnlyForDeploymentPostprocessing = 0;
		};
/* End PBXFrameworksBuildPhase section */

/* Begin PBXGroup section */
		746575B41D1D1D7D00EC8246 = {
			isa = PBXGroup;
			children = (
				746575BF1D1D1D7D00EC8246 /* LaunchImageDemo */,
				746575D41D1D1D7E00EC8246 /* LaunchImageDemoTests */,
				746575DF1D1D1D7E00EC8246 /* LaunchImageDemoUITests */,
				746575BE1D1D1D7D00EC8246 /* Products */,
				8169B237264FBDE84B1BA8D0 /* Pods */,
				DD12CBC61DAB093E933BA2A3 /* Frameworks */,
			);
			sourceTree = "<group>";
		};
		746575BE1D1D1D7D00EC8246 /* Products */ = {
			isa = PBXGroup;
			children = (
				746575BD1D1D1D7D00EC8246 /* LaunchImageDemo.app */,
				746575D11D1D1D7E00EC8246 /* LaunchImageDemoTests.xctest */,
				746575DC1D1D1D7E00EC8246 /* LaunchImageDemoUITests.xctest */,
			);
			name = Products;
			sourceTree = "<group>";
		};
		746575BF1D1D1D7D00EC8246 /* LaunchImageDemo */ = {
			isa = PBXGroup;
			children = (
				746575EE1D1D1DC800EC8246 /* LaunchImageView */,
				746575C01D1D1D7D00EC8246 /* AppDelegate.swift */,
				746575C21D1D1D7D00EC8246 /* ViewController.swift */,
				749F7DE31D2109B7000C95CE /* TestViewController.swift */,
				746575C41D1D1D7D00EC8246 /* Main.storyboard */,
				746575C71D1D1D7E00EC8246 /* Assets.xcassets */,
				746575C91D1D1D7E00EC8246 /* LaunchScreen.storyboard */,
				746575CC1D1D1D7E00EC8246 /* Info.plist */,
			);
			path = LaunchImageDemo;
			sourceTree = "<group>";
		};
		746575D41D1D1D7E00EC8246 /* LaunchImageDemoTests */ = {
			isa = PBXGroup;
			children = (
				746575D51D1D1D7E00EC8246 /* LaunchImageDemoTests.swift */,
				746575D71D1D1D7E00EC8246 /* Info.plist */,
			);
			path = LaunchImageDemoTests;
			sourceTree = "<group>";
		};
		746575DF1D1D1D7E00EC8246 /* LaunchImageDemoUITests */ = {
			isa = PBXGroup;
			children = (
				746575E01D1D1D7E00EC8246 /* LaunchImageDemoUITests.swift */,
				746575E21D1D1D7E00EC8246 /* Info.plist */,
			);
			path = LaunchImageDemoUITests;
			sourceTree = "<group>";
		};
		746575EE1D1D1DC800EC8246 /* LaunchImageView */ = {
			isa = PBXGroup;
			children = (
				746575EF1D1D1F2B00EC8246 /* LaunchImageView.swift */,
			);
			path = LaunchImageView;
			sourceTree = "<group>";
		};
		8169B237264FBDE84B1BA8D0 /* Pods */ = {
			isa = PBXGroup;
			children = (
				946775A53445ABB4F1E4849B /* Pods-LaunchImageDemo.debug.xcconfig */,
				D3E99FDF1063B4BA6F8A9CD3 /* Pods-LaunchImageDemo.release.xcconfig */,
			);
			name = Pods;
			sourceTree = "<group>";
		};
		DD12CBC61DAB093E933BA2A3 /* Frameworks */ = {
			isa = PBXGroup;
			children = (
				1AC0532F50187477F8A8A918 /* Pods_LaunchImageDemo.framework */,
			);
			name = Frameworks;
			sourceTree = "<group>";
		};
/* End PBXGroup section */

/* Begin PBXNativeTarget section */
		746575BC1D1D1D7D00EC8246 /* LaunchImageDemo */ = {
			isa = PBXNativeTarget;
			buildConfigurationList = 746575E51D1D1D7E00EC8246 /* Build configuration list for PBXNativeTarget "LaunchImageDemo" */;
			buildPhases = (
				2B7EF8235D62DB8FF42B166B /* Check Pods Manifest.lock */,
				746575B91D1D1D7D00EC8246 /* Sources */,
				746575BA1D1D1D7D00EC8246 /* Frameworks */,
				746575BB1D1D1D7D00EC8246 /* Resources */,
				A561A96AF18D4796161C1667 /* Embed Pods Frameworks */,
				CFA77DBF53406DE8AF72590C /* Copy Pods Resources */,
			);
			buildRules = (
			);
			dependencies = (
			);
			name = LaunchImageDemo;
			productName = LaunchImageDemo;
			productReference = 746575BD1D1D1D7D00EC8246 /* LaunchImageDemo.app */;
			productType = "com.apple.product-type.application";
		};
		746575D01D1D1D7E00EC8246 /* LaunchImageDemoTests */ = {
			isa = PBXNativeTarget;
			buildConfigurationList = 746575E81D1D1D7E00EC8246 /* Build configuration list for PBXNativeTarget "LaunchImageDemoTests" */;
			buildPhases = (
				746575CD1D1D1D7E00EC8246 /* Sources */,
				746575CE1D1D1D7E00EC8246 /* Frameworks */,
				746575CF1D1D1D7E00EC8246 /* Resources */,
			);
			buildRules = (
			);
			dependencies = (
				746575D31D1D1D7E00EC8246 /* PBXTargetDependency */,
			);
			name = LaunchImageDemoTests;
			productName = LaunchImageDemoTests;
			productReference = 746575D11D1D1D7E00EC8246 /* LaunchImageDemoTests.xctest */;
			productType = "com.apple.product-type.bundle.unit-test";
		};
		746575DB1D1D1D7E00EC8246 /* LaunchImageDemoUITests */ = {
			isa = PBXNativeTarget;
			buildConfigurationList = 746575EB1D1D1D7E00EC8246 /* Build configuration list for PBXNativeTarget "LaunchImageDemoUITests" */;
			buildPhases = (
				746575D81D1D1D7E00EC8246 /* Sources */,
				746575D91D1D1D7E00EC8246 /* Frameworks */,
				746575DA1D1D1D7E00EC8246 /* Resources */,
			);
			buildRules = (
			);
			dependencies = (
				746575DE1D1D1D7E00EC8246 /* PBXTargetDependency */,
			);
			name = LaunchImageDemoUITests;
			productName = LaunchImageDemoUITests;
			productReference = 746575DC1D1D1D7E00EC8246 /* LaunchImageDemoUITests.xctest */;
			productType = "com.apple.product-type.bundle.ui-testing";
		};
/* End PBXNativeTarget section */

/* Begin PBXProject section */
		746575B51D1D1D7D00EC8246 /* Project object */ = {
			isa = PBXProject;
			attributes = {
				LastSwiftUpdateCheck = 0730;
				LastUpgradeCheck = 0730;
				ORGANIZATIONNAME = "枫韵海";
				TargetAttributes = {
					746575BC1D1D1D7D00EC8246 = {
						CreatedOnToolsVersion = 7.3.1;
						LastSwiftMigration = 0800;
					};
					746575D01D1D1D7E00EC8246 = {
						CreatedOnToolsVersion = 7.3.1;
						LastSwiftMigration = 0800;
						TestTargetID = 746575BC1D1D1D7D00EC8246;
					};
					746575DB1D1D1D7E00EC8246 = {
						CreatedOnToolsVersion = 7.3.1;
						LastSwiftMigration = 0800;
						TestTargetID = 746575BC1D1D1D7D00EC8246;
					};
				};
			};
			buildConfigurationList = 746575B81D1D1D7D00EC8246 /* Build configuration list for PBXProject "LaunchImageDemo" */;
			compatibilityVersion = "Xcode 3.2";
			developmentRegion = English;
			hasScannedForEncodings = 0;
			knownRegions = (
				en,
				Base,
			);
			mainGroup = 746575B41D1D1D7D00EC8246;
			productRefGroup = 746575BE1D1D1D7D00EC8246 /* Products */;
			projectDirPath = "";
			projectRoot = "";
			targets = (
				746575BC1D1D1D7D00EC8246 /* LaunchImageDemo */,
				746575D01D1D1D7E00EC8246 /* LaunchImageDemoTests */,
				746575DB1D1D1D7E00EC8246 /* LaunchImageDemoUITests */,
			);
		};
/* End PBXProject section */

/* Begin PBXResourcesBuildPhase section */
		746575BB1D1D1D7D00EC8246 /* Resources */ = {
			isa = PBXResourcesBuildPhase;
			buildActionMask = 2147483647;
			files = (
				746575CB1D1D1D7E00EC8246 /* LaunchScreen.storyboard in Resources */,
				746575C81D1D1D7E00EC8246 /* Assets.xcassets in Resources */,
				746575C61D1D1D7D00EC8246 /* Main.storyboard in Resources */,
			);
			runOnlyForDeploymentPostprocessing = 0;
		};
		746575CF1D1D1D7E00EC8246 /* Resources */ = {
			isa = PBXResourcesBuildPhase;
			buildActionMask = 2147483647;
			files = (
			);
			runOnlyForDeploymentPostprocessing = 0;
		};
		746575DA1D1D1D7E00EC8246 /* Resources */ = {
			isa = PBXResourcesBuildPhase;
			buildActionMask = 2147483647;
			files = (
			);
			runOnlyForDeploymentPostprocessing = 0;
		};
/* End PBXResourcesBuildPhase section */

/* Begin PBXShellScriptBuildPhase section */
		2B7EF8235D62DB8FF42B166B /* Check Pods Manifest.lock */ = {
			isa = PBXShellScriptBuildPhase;
			buildActionMask = 2147483647;
			files = (
			);
			inputPaths = (
			);
			name = "Check Pods Manifest.lock";
			outputPaths = (
			);
			runOnlyForDeploymentPostprocessing = 0;
			shellPath = /bin/sh;
			shellScript = "diff \"${PODS_ROOT}/../Podfile.lock\" \"${PODS_ROOT}/Manifest.lock\" > /dev/null\nif [[ $? != 0 ]] ; then\n    cat << EOM\nerror: The sandbox is not in sync with the Podfile.lock. Run 'pod install' or update your CocoaPods installation.\nEOM\n    exit 1\nfi\n";
			showEnvVarsInLog = 0;
		};
		A561A96AF18D4796161C1667 /* Embed Pods Frameworks */ = {
			isa = PBXShellScriptBuildPhase;
			buildActionMask = 2147483647;
			files = (
			);
			inputPaths = (
			);
			name = "Embed Pods Frameworks";
			outputPaths = (
			);
			runOnlyForDeploymentPostprocessing = 0;
			shellPath = /bin/sh;
			shellScript = "\"${SRCROOT}/Pods/Target Support Files/Pods-LaunchImageDemo/Pods-LaunchImageDemo-frameworks.sh\"\n";
			showEnvVarsInLog = 0;
		};
		CFA77DBF53406DE8AF72590C /* Copy Pods Resources */ = {
			isa = PBXShellScriptBuildPhase;
			buildActionMask = 2147483647;
			files = (
			);
			inputPaths = (
			);
			name = "Copy Pods Resources";
			outputPaths = (
			);
			runOnlyForDeploymentPostprocessing = 0;
			shellPath = /bin/sh;
			shellScript = "\"${SRCROOT}/Pods/Target Support Files/Pods-LaunchImageDemo/Pods-LaunchImageDemo-resources.sh\"\n";
			showEnvVarsInLog = 0;
		};
/* End PBXShellScriptBuildPhase section */

/* Begin PBXSourcesBuildPhase section */
		746575B91D1D1D7D00EC8246 /* Sources */ = {
			isa = PBXSourcesBuildPhase;
			buildActionMask = 2147483647;
			files = (
				746575F01D1D1F2B00EC8246 /* LaunchImageView.swift in Sources */,
				746575C31D1D1D7D00EC8246 /* ViewController.swift in Sources */,
				749F7DE41D2109B7000C95CE /* TestViewController.swift in Sources */,
				746575C11D1D1D7D00EC8246 /* AppDelegate.swift in Sources */,
			);
			runOnlyForDeploymentPostprocessing = 0;
		};
		746575CD1D1D1D7E00EC8246 /* Sources */ = {
			isa = PBXSourcesBuildPhase;
			buildActionMask = 2147483647;
			files = (
				746575D61D1D1D7E00EC8246 /* LaunchImageDemoTests.swift in Sources */,
			);
			runOnlyForDeploymentPostprocessing = 0;
		};
		746575D81D1D1D7E00EC8246 /* Sources */ = {
			isa = PBXSourcesBuildPhase;
			buildActionMask = 2147483647;
			files = (
				746575E11D1D1D7E00EC8246 /* LaunchImageDemoUITests.swift in Sources */,
			);
			runOnlyForDeploymentPostprocessing = 0;
		};
/* End PBXSourcesBuildPhase section */

/* Begin PBXTargetDependency section */
		746575D31D1D1D7E00EC8246 /* PBXTargetDependency */ = {
			isa = PBXTargetDependency;
			target = 746575BC1D1D1D7D00EC8246 /* LaunchImageDemo */;
			targetProxy = 746575D21D1D1D7E00EC8246 /* PBXContainerItemProxy */;
		};
		746575DE1D1D1D7E00EC8246 /* PBXTargetDependency */ = {
			isa = PBXTargetDependency;
			target = 746575BC1D1D1D7D00EC8246 /* LaunchImageDemo */;
			targetProxy = 746575DD1D1D1D7E00EC8246 /* PBXContainerItemProxy */;
		};
/* End PBXTargetDependency section */

/* Begin PBXVariantGroup section */
		746575C41D1D1D7D00EC8246 /* Main.storyboard */ = {
			isa = PBXVariantGroup;
			children = (
				746575C51D1D1D7D00EC8246 /* Base */,
			);
			name = Main.storyboard;
			sourceTree = "<group>";
		};
		746575C91D1D1D7E00EC8246 /* LaunchScreen.storyboard */ = {
			isa = PBXVariantGroup;
			children = (
				746575CA1D1D1D7E00EC8246 /* Base */,
			);
			name = LaunchScreen.storyboard;
			sourceTree = "<group>";
		};
/* End PBXVariantGroup section */

/* Begin XCBuildConfiguration section */
		746575E31D1D1D7E00EC8246 /* Debug */ = {
			isa = XCBuildConfiguration;
			buildSettings = {
				ALWAYS_SEARCH_USER_PATHS = NO;
				CLANG_ANALYZER_NONNULL = YES;
				CLANG_CXX_LANGUAGE_STANDARD = "gnu++0x";
				CLANG_CXX_LIBRARY = "libc++";
				CLANG_ENABLE_MODULES = YES;
				CLANG_ENABLE_OBJC_ARC = YES;
				CLANG_WARN_BOOL_CONVERSION = YES;
				CLANG_WARN_CONSTANT_CONVERSION = YES;
				CLANG_WARN_DIRECT_OBJC_ISA_USAGE = YES_ERROR;
				CLANG_WARN_EMPTY_BODY = YES;
				CLANG_WARN_ENUM_CONVERSION = YES;
				CLANG_WARN_INT_CONVERSION = YES;
				CLANG_WARN_OBJC_ROOT_CLASS = YES_ERROR;
				CLANG_WARN_UNREACHABLE_CODE = YES;
				CLANG_WARN__DUPLICATE_METHOD_MATCH = YES;
				"CODE_SIGN_IDENTITY[sdk=iphoneos*]" = "iPhone Developer";
				COPY_PHASE_STRIP = NO;
				DEBUG_INFORMATION_FORMAT = dwarf;
				ENABLE_STRICT_OBJC_MSGSEND = YES;
				ENABLE_TESTABILITY = YES;
				GCC_C_LANGUAGE_STANDARD = gnu99;
				GCC_DYNAMIC_NO_PIC = NO;
				GCC_NO_COMMON_BLOCKS = YES;
				GCC_OPTIMIZATION_LEVEL = 0;
				GCC_PREPROCESSOR_DEFINITIONS = (
					"DEBUG=1",
					"$(inherited)",
				);
				GCC_WARN_64_TO_32_BIT_CONVERSION = YES;
				GCC_WARN_ABOUT_RETURN_TYPE = YES_ERROR;
				GCC_WARN_UNDECLARED_SELECTOR = YES;
				GCC_WARN_UNINITIALIZED_AUTOS = YES_AGGRESSIVE;
				GCC_WARN_UNUSED_FUNCTION = YES;
				GCC_WARN_UNUSED_VARIABLE = YES;
				IPHONEOS_DEPLOYMENT_TARGET = 9.3;
				MTL_ENABLE_DEBUG_INFO = YES;
				ONLY_ACTIVE_ARCH = YES;
				SDKROOT = iphoneos;
				SWIFT_OPTIMIZATION_LEVEL = "-Onone";
				TARGETED_DEVICE_FAMILY = "1,2";
			};
			name = Debug;
		};
		746575E41D1D1D7E00EC8246 /* Release */ = {
			isa = XCBuildConfiguration;
			buildSettings = {
				ALWAYS_SEARCH_USER_PATHS = NO;
				CLANG_ANALYZER_NONNULL = YES;
				CLANG_CXX_LANGUAGE_STANDARD = "gnu++0x";
				CLANG_CXX_LIBRARY = "libc++";
				CLANG_ENABLE_MODULES = YES;
				CLANG_ENABLE_OBJC_ARC = YES;
				CLANG_WARN_BOOL_CONVERSION = YES;
				CLANG_WARN_CONSTANT_CONVERSION = YES;
				CLANG_WARN_DIRECT_OBJC_ISA_USAGE = YES_ERROR;
				CLANG_WARN_EMPTY_BODY = YES;
				CLANG_WARN_ENUM_CONVERSION = YES;
				CLANG_WARN_INT_CONVERSION = YES;
				CLANG_WARN_OBJC_ROOT_CLASS = YES_ERROR;
				CLANG_WARN_UNREACHABLE_CODE = YES;
				CLANG_WARN__DUPLICATE_METHOD_MATCH = YES;
				"CODE_SIGN_IDENTITY[sdk=iphoneos*]" = "iPhone Developer";
				COPY_PHASE_STRIP = NO;
				DEBUG_INFORMATION_FORMAT = "dwarf-with-dsym";
				ENABLE_NS_ASSERTIONS = NO;
				ENABLE_STRICT_OBJC_MSGSEND = YES;
				GCC_C_LANGUAGE_STANDARD = gnu99;
				GCC_NO_COMMON_BLOCKS = YES;
				GCC_WARN_64_TO_32_BIT_CONVERSION = YES;
				GCC_WARN_ABOUT_RETURN_TYPE = YES_ERROR;
				GCC_WARN_UNDECLARED_SELECTOR = YES;
				GCC_WARN_UNINITIALIZED_AUTOS = YES_AGGRESSIVE;
				GCC_WARN_UNUSED_FUNCTION = YES;
				GCC_WARN_UNUSED_VARIABLE = YES;
				IPHONEOS_DEPLOYMENT_TARGET = 9.3;
				MTL_ENABLE_DEBUG_INFO = NO;
				SDKROOT = iphoneos;
				TARGETED_DEVICE_FAMILY = "1,2";
				VALIDATE_PRODUCT = YES;
			};
			name = Release;
		};
		746575E61D1D1D7E00EC8246 /* Debug */ = {
			isa = XCBuildConfiguration;
			baseConfigurationReference = 946775A53445ABB4F1E4849B /* Pods-LaunchImageDemo.debug.xcconfig */;
			buildSettings = {
				ASSETCATALOG_COMPILER_APPICON_NAME = AppIcon;
				ASSETCATALOG_COMPILER_LAUNCHIMAGE_NAME = LaunchImage;
				INFOPLIST_FILE = LaunchImageDemo/Info.plist;
				LD_RUNPATH_SEARCH_PATHS = "$(inherited) @executable_path/Frameworks";
				PRODUCT_BUNDLE_IDENTIFIER = com.yeeaoo.LaunchImageDemo;
				PRODUCT_NAME = "$(TARGET_NAME)";
				SWIFT_VERSION = 3.0;
			};
			name = Debug;
		};
		746575E71D1D1D7E00EC8246 /* Release */ = {
			isa = XCBuildConfiguration;
			baseConfigurationReference = D3E99FDF1063B4BA6F8A9CD3 /* Pods-LaunchImageDemo.release.xcconfig */;
			buildSettings = {
				ASSETCATALOG_COMPILER_APPICON_NAME = AppIcon;
				ASSETCATALOG_COMPILER_LAUNCHIMAGE_NAME = LaunchImage;
				INFOPLIST_FILE = LaunchImageDemo/Info.plist;
				LD_RUNPATH_SEARCH_PATHS = "$(inherited) @executable_path/Frameworks";
				PRODUCT_BUNDLE_IDENTIFIER = com.yeeaoo.LaunchImageDemo;
				PRODUCT_NAME = "$(TARGET_NAME)";
				SWIFT_VERSION = 3.0;
			};
			name = Release;
		};
		746575E91D1D1D7E00EC8246 /* Debug */ = {
			isa = XCBuildConfiguration;
			buildSettings = {
				BUNDLE_LOADER = "$(TEST_HOST)";
				INFOPLIST_FILE = LaunchImageDemoTests/Info.plist;
				LD_RUNPATH_SEARCH_PATHS = "$(inherited) @executable_path/Frameworks @loader_path/Frameworks";
				PRODUCT_BUNDLE_IDENTIFIER = com.yeeaoo.LaunchImageDemoTests;
				PRODUCT_NAME = "$(TARGET_NAME)";
				SWIFT_VERSION = 3.0;
				TEST_HOST = "$(BUILT_PRODUCTS_DIR)/LaunchImageDemo.app/LaunchImageDemo";
			};
			name = Debug;
		};
		746575EA1D1D1D7E00EC8246 /* Release */ = {
			isa = XCBuildConfiguration;
			buildSettings = {
				BUNDLE_LOADER = "$(TEST_HOST)";
				INFOPLIST_FILE = LaunchImageDemoTests/Info.plist;
				LD_RUNPATH_SEARCH_PATHS = "$(inherited) @executable_path/Frameworks @loader_path/Frameworks";
				PRODUCT_BUNDLE_IDENTIFIER = com.yeeaoo.LaunchImageDemoTests;
				PRODUCT_NAME = "$(TARGET_NAME)";
				SWIFT_VERSION = 3.0;
				TEST_HOST = "$(BUILT_PRODUCTS_DIR)/LaunchImageDemo.app/LaunchImageDemo";
			};
			name = Release;
		};
		746575EC1D1D1D7E00EC8246 /* Debug */ = {
			isa = XCBuildConfiguration;
			buildSettings = {
				INFOPLIST_FILE = LaunchImageDemoUITests/Info.plist;
				LD_RUNPATH_SEARCH_PATHS = "$(inherited) @executable_path/Frameworks @loader_path/Frameworks";
				PRODUCT_BUNDLE_IDENTIFIER = com.yeeaoo.LaunchImageDemoUITests;
				PRODUCT_NAME = "$(TARGET_NAME)";
				SWIFT_VERSION = 3.0;
				TEST_TARGET_NAME = LaunchImageDemo;
			};
			name = Debug;
		};
		746575ED1D1D1D7E00EC8246 /* Release */ = {
			isa = XCBuildConfiguration;
			buildSettings = {
				INFOPLIST_FILE = LaunchImageDemoUITests/Info.plist;
				LD_RUNPATH_SEARCH_PATHS = "$(inherited) @executable_path/Frameworks @loader_path/Frameworks";
				PRODUCT_BUNDLE_IDENTIFIER = com.yeeaoo.LaunchImageDemoUITests;
				PRODUCT_NAME = "$(TARGET_NAME)";
				SWIFT_VERSION = 3.0;
				TEST_TARGET_NAME = LaunchImageDemo;
			};
			name = Release;
		};
/* End XCBuildConfiguration section */

/* Begin XCConfigurationList section */
		746575B81D1D1D7D00EC8246 /* Build configuration list for PBXProject "LaunchImageDemo" */ = {
			isa = XCConfigurationList;
			buildConfigurations = (
				746575E31D1D1D7E00EC8246 /* Debug */,
				746575E41D1D1D7E00EC8246 /* Release */,
			);
			defaultConfigurationIsVisible = 0;
			defaultConfigurationName = Release;
		};
		746575E51D1D1D7E00EC8246 /* Build configuration list for PBXNativeTarget "LaunchImageDemo" */ = {
			isa = XCConfigurationList;
			buildConfigurations = (
				746575E61D1D1D7E00EC8246 /* Debug */,
				746575E71D1D1D7E00EC8246 /* Release */,
			);
			defaultConfigurationIsVisible = 0;
			defaultConfigurationName = Release;
		};
		746575E81D1D1D7E00EC8246 /* Build configuration list for PBXNativeTarget "LaunchImageDemoTests" */ = {
			isa = XCConfigurationList;
			buildConfigurations = (
				746575E91D1D1D7E00EC8246 /* Debug */,
				746575EA1D1D1D7E00EC8246 /* Release */,
			);
			defaultConfigurationIsVisible = 0;
			defaultConfigurationName = Release;
		};
		746575EB1D1D1D7E00EC8246 /* Build configuration list for PBXNativeTarget "LaunchImageDemoUITests" */ = {
			isa = XCConfigurationList;
			buildConfigurations = (
				746575EC1D1D1D7E00EC8246 /* Debug */,
				746575ED1D1D1D7E00EC8246 /* Release */,
			);
			defaultConfigurationIsVisible = 0;
			defaultConfigurationName = Release;
		};
/* End XCConfigurationList section */
	};
	rootObject = 746575B51D1D1D7D00EC8246 /* Project object */;
}
